
Microsoft Visual Studio Solution File, Format Version 12.00
# Visual Studio 2013
VisualStudioVersion = 12.0.30501.0
MinimumVisualStudioVersion = 10.0.40219.1
Project("{FAE04EC0-301F-11D3-BF4B-00C04F79EFBC}") = "CollectionJson.Client", "CollectionJson.Client\CollectionJson.Client.csproj", "{E86C985A-ECB3-4065-98C3-CBB2039C7170}"
EndProject
Project("{FAE04EC0-301F-11D3-BF4B-00C04F79EFBC}") = "CollectionJson.Tests", "..\test\CollectionJson.Tests\CollectionJson.Tests.csproj", "{1F626B73-F2A6-4A51-AED6-38CC976980DB}"
EndProject
Project("{2150E333-8FDC-42A3-9474-1A3956D46DE8}") = "test", "test", "{924F96C3-9D52-4EA4-92E6-73879BB22E7B}"
EndProject
Project("{FAE04EC0-301F-11D3-BF4B-00C04F79EFBC}") = "CollectionJson.Server", "CollectionJson.Server\CollectionJson.Server.csproj", "{F606AFBF-1ADA-40C5-9CDE-5E6E9F2E3F77}"
EndProject
Project("{FAE04EC0-301F-11D3-BF4B-00C04F79EFBC}") = "CollectionJson.Server.Tests", "..\test\CollectionJson.Server.Tests\CollectionJson.Server.Tests.csproj", "{11FA80C1-A5DC-4856-983E-AF6EADB4CCC4}"
EndProject
Project("{FAE04EC0-301F-11D3-BF4B-00C04F79EFBC}") = "CollectionJson.Client.Tests", "..\test\CollectionJson.Client.Tests\CollectionJson.Client.Tests.csproj", "{4F5316AB-C6A1-48E7-AA2F-2B5285403423}"
EndProject
Project("{2150E333-8FDC-42A3-9474-1A3956D46DE8}") = "Solution Items", "Solution Items", "{FA2DE349-CA3D-48FD-9781-62203CCB8136}"
EndProject
Project("{FAE04EC0-301F-11D3-BF4B-00C04F79EFBC}") = "CollectionJson", "CollectionJson\CollectionJson.csproj", "{B9F7BC64-7924-4928-910D-2E9E03DC682F}"
EndProject
Global
	GlobalSection(SolutionConfigurationPlatforms) = preSolution
		Debug|Any CPU = Debug|Any CPU
		Release|Any CPU = Release|Any CPU
	EndGlobalSection
	GlobalSection(ProjectConfigurationPlatforms) = postSolution
		{E86C985A-ECB3-4065-98C3-CBB2039C7170}.Debug|Any CPU.ActiveCfg = Debug|Any CPU
		{E86C985A-ECB3-4065-98C3-CBB2039C7170}.Debug|Any CPU.Build.0 = Debug|Any CPU
		{E86C985A-ECB3-4065-98C3-CBB2039C7170}.Release|Any CPU.ActiveCfg = Release|Any CPU
		{E86C985A-ECB3-4065-98C3-CBB2039C7170}.Release|Any CPU.Build.0 = Release|Any CPU
		{1F626B73-F2A6-4A51-AED6-38CC976980DB}.Debug|Any CPU.ActiveCfg = Debug|Any CPU
		{1F626B73-F2A6-4A51-AED6-38CC976980DB}.Debug|Any CPU.Build.0 = Debug|Any CPU
		{1F626B73-F2A6-4A51-AED6-38CC976980DB}.Release|Any CPU.ActiveCfg = Release|Any CPU
		{1F626B73-F2A6-4A51-AED6-38CC976980DB}.Release|Any CPU.Build.0 = Release|Any CPU
		{F606AFBF-1ADA-40C5-9CDE-5E6E9F2E3F77}.Debug|Any CPU.ActiveCfg = Debug|Any CPU
		{F606AFBF-1ADA-40C5-9CDE-5E6E9F2E3F77}.Debug|Any CPU.Build.0 = Debug|Any CPU
		{F606AFBF-1ADA-40C5-9CDE-5E6E9F2E3F77}.Release|Any CPU.ActiveCfg = Release|Any CPU
		{F606AFBF-1ADA-40C5-9CDE-5E6E9F2E3F77}.Release|Any CPU.Build.0 = Release|Any CPU
		{11FA80C1-A5DC-4856-983E-AF6EADB4CCC4}.Debug|Any CPU.ActiveCfg = Debug|Any CPU
		{11FA80C1-A5DC-4856-983E-AF6EADB4CCC4}.Debug|Any CPU.Build.0 = Debug|Any CPU
		{11FA80C1-A5DC-4856-983E-AF6EADB4CCC4}.Release|Any CPU.ActiveCfg = Release|Any CPU
		{11FA80C1-A5DC-4856-983E-AF6EADB4CCC4}.Release|Any CPU.Build.0 = Release|Any CPU
		{4F5316AB-C6A1-48E7-AA2F-2B5285403423}.Debug|Any CPU.ActiveCfg = Debug|Any CPU
		{4F5316AB-C6A1-48E7-AA2F-2B5285403423}.Debug|Any CPU.Build.0 = Debug|Any CPU
		{4F5316AB-C6A1-48E7-AA2F-2B5285403423}.Release|Any CPU.ActiveCfg = Release|Any CPU
		{4F5316AB-C6A1-48E7-AA2F-2B5285403423}.Release|Any CPU.Build.0 = Release|Any CPU
		{B9F7BC64-7924-4928-910D-2E9E03DC682F}.Debug|Any CPU.ActiveCfg = Debug|Any CPU
		{B9F7BC64-7924-4928-910D-2E9E03DC682F}.Debug|Any CPU.Build.0 = Debug|Any CPU
		{B9F7BC64-7924-4928-910D-2E9E03DC682F}.Release|Any CPU.ActiveCfg = Release|Any CPU
		{B9F7BC64-7924-4928-910D-2E9E03DC682F}.Release|Any CPU.Build.0 = Release|Any CPU
	EndGlobalSection
	GlobalSection(SolutionProperties) = preSolution
		HideSolutionNode = FALSE
	EndGlobalSection
	GlobalSection(NestedProjects) = preSolution
		{1F626B73-F2A6-4A51-AED6-38CC976980DB} = {924F96C3-9D52-4EA4-92E6-73879BB22E7B}
		{11FA80C1-A5DC-4856-983E-AF6EADB4CCC4} = {924F96C3-9D52-4EA4-92E6-73879BB22E7B}
		{4F5316AB-C6A1-48E7-AA2F-2B5285403423} = {924F96C3-9D52-4EA4-92E6-73879BB22E7B}
	EndGlobalSection
EndGlobal
